
Microsoft Visual Studio Solution File, Format Version 12.00
# Visual Studio Version 17
VisualStudioVersion = 17.5.002.0
MinimumVisualStudioVersion = 10.0.40219.1
Project("{9A19103F-16F7-4668-BE54-9A1E7A4F7556}") = "CosmosDBChangeFeedApp", "CosmosDBChangeFeedApp.csproj", "{1F5566F4-DCDD-4E56-A8F1-5905B9C976A5}"
EndProject
Global
	GlobalSection(SolutionConfigurationPlatforms) = preSolution
		Debug|Any CPU = Debug|Any CPU
		Release|Any CPU = Release|Any CPU
	EndGlobalSection
	GlobalSection(ProjectConfigurationPlatforms) = postSolution
		{1F5566F4-DCDD-4E56-A8F1-5905B9C976A5}.Debug|Any CPU.ActiveCfg = Debug|Any CPU
		{1F5566F4-DCDD-4E56-A8F1-5905B9C976A5}.Debug|Any CPU.Build.0 = Debug|Any CPU
		{1F5566F4-DCDD-4E56-A8F1-5905B9C976A5}.Release|Any CPU.ActiveCfg = Release|Any CPU
		{1F5566F4-DCDD-4E56-A8F1-5905B9C976A5}.Release|Any CPU.Build.0 = Release|Any CPU
	EndGlobalSection
	GlobalSection(SolutionProperties) = preSolution
		HideSolutionNode = FALSE
	EndGlobalSection
	GlobalSection(ExtensibilityGlobals) = postSolution
		SolutionGuid = {8759B391-83F4-4C0A-9BFE-EF918D2B9C01}
	EndGlobalSection
EndGlobal
